
Microsoft Visual Studio Solution File, Format Version 12.00
# Visual Studio 15
VisualStudioVersion = 15.0.27428.2027
MinimumVisualStudioVersion = 10.0.40219.1
Project("{FAE04EC0-301F-11D3-BF4B-00C04F79EFBC}") = "TertiaUmbraco", "TertiaUmbraco\TertiaUmbraco.csproj", "{9DA04736-9F85-4C06-95B1-F4040CE813FF}"
EndProject
Global
	GlobalSection(SolutionConfigurationPlatforms) = preSolution
		Debug|Any CPU = Debug|Any CPU
		Release|Any CPU = Release|Any CPU
	EndGlobalSection
	GlobalSection(ProjectConfigurationPlatforms) = postSolution
		{9DA04736-9F85-4C06-95B1-F4040CE813FF}.Debug|Any CPU.ActiveCfg = Debug|Any CPU
		{9DA04736-9F85-4C06-95B1-F4040CE813FF}.Debug|Any CPU.Build.0 = Debug|Any CPU
		{9DA04736-9F85-4C06-95B1-F4040CE813FF}.Release|Any CPU.ActiveCfg = Release|Any CPU
		{9DA04736-9F85-4C06-95B1-F4040CE813FF}.Release|Any CPU.Build.0 = Release|Any CPU
	EndGlobalSection
	GlobalSection(SolutionProperties) = preSolution
		HideSolutionNode = FALSE
	EndGlobalSection
	GlobalSection(ExtensibilityGlobals) = postSolution
		SolutionGuid = {85067D62-B44D-44C9-A365-3E4D8E76D1C9}
	EndGlobalSection
EndGlobal
